
Microsoft Visual Studio Solution File, Format Version 12.00
# Visual Studio Version 17
VisualStudioVersion = 17.5.33627.172
MinimumVisualStudioVersion = 10.0.40219.1
Project("{9A19103F-16F7-4668-BE54-9A1E7A4F7556}") = "EventSourcing.Domain", "EventSourcing.Domain\EventSourcing.Domain.csproj", "{3F53FE5E-C50E-48FF-AA07-3AD5C954BED0}"
EndProject
Project("{9A19103F-16F7-4668-BE54-9A1E7A4F7556}") = "EventSourcing.Persistance", "EventSourcing.Persistance\EventSourcing.Persistance.csproj", "{C674F560-F494-4ED6-88AE-595BA7292A01}"
EndProject
Project("{9A19103F-16F7-4668-BE54-9A1E7A4F7556}") = "EventSourcing.Application", "EventSourcing.Application\EventSourcing.Application.csproj", "{1E6F8D3A-B610-4586-BA25-C9BCF701007D}"
EndProject
Project("{FAE04EC0-301F-11D3-BF4B-00C04F79EFBC}") = "EventSourcing", "EventSourcing\EventSourcing.csproj", "{AD7FDDEE-46F4-4B45-99E1-A10604EE73CE}"
EndProject
Global
	GlobalSection(SolutionConfigurationPlatforms) = preSolution
		Debug|Any CPU = Debug|Any CPU
		Release|Any CPU = Release|Any CPU
	EndGlobalSection
	GlobalSection(ProjectConfigurationPlatforms) = postSolution
		{3F53FE5E-C50E-48FF-AA07-3AD5C954BED0}.Debug|Any CPU.ActiveCfg = Debug|Any CPU
		{3F53FE5E-C50E-48FF-AA07-3AD5C954BED0}.Debug|Any CPU.Build.0 = Debug|Any CPU
		{3F53FE5E-C50E-48FF-AA07-3AD5C954BED0}.Release|Any CPU.ActiveCfg = Release|Any CPU
		{3F53FE5E-C50E-48FF-AA07-3AD5C954BED0}.Release|Any CPU.Build.0 = Release|Any CPU
		{C674F560-F494-4ED6-88AE-595BA7292A01}.Debug|Any CPU.ActiveCfg = Debug|Any CPU
		{C674F560-F494-4ED6-88AE-595BA7292A01}.Debug|Any CPU.Build.0 = Debug|Any CPU
		{C674F560-F494-4ED6-88AE-595BA7292A01}.Release|Any CPU.ActiveCfg = Release|Any CPU
		{C674F560-F494-4ED6-88AE-595BA7292A01}.Release|Any CPU.Build.0 = Release|Any CPU
		{1E6F8D3A-B610-4586-BA25-C9BCF701007D}.Debug|Any CPU.ActiveCfg = Debug|Any CPU
		{1E6F8D3A-B610-4586-BA25-C9BCF701007D}.Debug|Any CPU.Build.0 = Debug|Any CPU
		{1E6F8D3A-B610-4586-BA25-C9BCF701007D}.Release|Any CPU.ActiveCfg = Release|Any CPU
		{1E6F8D3A-B610-4586-BA25-C9BCF701007D}.Release|Any CPU.Build.0 = Release|Any CPU
		{AD7FDDEE-46F4-4B45-99E1-A10604EE73CE}.Debug|Any CPU.ActiveCfg = Debug|Any CPU
		{AD7FDDEE-46F4-4B45-99E1-A10604EE73CE}.Debug|Any CPU.Build.0 = Debug|Any CPU
		{AD7FDDEE-46F4-4B45-99E1-A10604EE73CE}.Release|Any CPU.ActiveCfg = Release|Any CPU
		{AD7FDDEE-46F4-4B45-99E1-A10604EE73CE}.Release|Any CPU.Build.0 = Release|Any CPU
	EndGlobalSection
	GlobalSection(SolutionProperties) = preSolution
		HideSolutionNode = FALSE
	EndGlobalSection
	GlobalSection(ExtensibilityGlobals) = postSolution
		SolutionGuid = {13F7C9E3-09F2-47E1-987A-DFB2A38179CE}
	EndGlobalSection
EndGlobal
