
Microsoft Visual Studio Solution File, Format Version 12.00
# Visual Studio Version 17
VisualStudioVersion = 17.5.33627.172
MinimumVisualStudioVersion = 10.0.40219.1
Project("{FAE04EC0-301F-11D3-BF4B-00C04F79EFBC}") = "EventSourcing", "EventSourcing\EventSourcing.csproj", "{28F84D8C-7DC4-4AD5-A445-BB38324FBC26}"
EndProject
Global
	GlobalSection(SolutionConfigurationPlatforms) = preSolution
		Debug|Any CPU = Debug|Any CPU
		Release|Any CPU = Release|Any CPU
	EndGlobalSection
	GlobalSection(ProjectConfigurationPlatforms) = postSolution
		{28F84D8C-7DC4-4AD5-A445-BB38324FBC26}.Debug|Any CPU.ActiveCfg = Debug|Any CPU
		{28F84D8C-7DC4-4AD5-A445-BB38324FBC26}.Debug|Any CPU.Build.0 = Debug|Any CPU
		{28F84D8C-7DC4-4AD5-A445-BB38324FBC26}.Release|Any CPU.ActiveCfg = Release|Any CPU
		{28F84D8C-7DC4-4AD5-A445-BB38324FBC26}.Release|Any CPU.Build.0 = Release|Any CPU
	EndGlobalSection
	GlobalSection(SolutionProperties) = preSolution
		HideSolutionNode = FALSE
	EndGlobalSection
	GlobalSection(ExtensibilityGlobals) = postSolution
		SolutionGuid = {13F7C9E3-09F2-47E1-987A-DFB2A38179CE}
	EndGlobalSection
EndGlobal
